// !$*UTF8*$!
{
	archiveVersion = 1;
	classes = {
	};
	objectVersion = 46;
	objects = {

/* Begin PBXBuildFile section */
		DC832FEA1CF212390045804C /* main.cpp in Sources */ = {isa = PBXBuildFile; fileRef = DC832FE91CF212390045804C /* main.cpp */; };
		DC832FF21CF212A10045804C /* Package.cpp in Sources */ = {isa = PBXBuildFile; fileRef = DC832FF01CF212A10045804C /* Package.cpp */; };
		DC832FF51CF212F00045804C /* xxtea.cpp in Sources */ = {isa = PBXBuildFile; fileRef = DC832FF31CF212F00045804C /* xxtea.cpp */; };
/* End PBXBuildFile section */

/* Begin PBXCopyFilesBuildPhase section */
		DC832FE41CF212390045804C /* CopyFiles */ = {
			isa = PBXCopyFilesBuildPhase;
			buildActionMask = 2147483647;
			dstPath = /usr/share/man/man1/;
			dstSubfolderSpec = 0;
			files = (
			);
			runOnlyForDeploymentPostprocessing = 1;
		};
/* End PBXCopyFilesBuildPhase section */

/* Begin PBXFileReference section */
		DC832FE61CF212390045804C /* xxteaRes */ = {isa = PBXFileReference; explicitFileType = "compiled.mach-o.executable"; includeInIndex = 0; path = xxteaRes; sourceTree = BUILT_PRODUCTS_DIR; };
		DC832FE91CF212390045804C /* main.cpp */ = {isa = PBXFileReference; lastKnownFileType = sourcecode.cpp.cpp; path = main.cpp; sourceTree = "<group>"; };
		DC832FF01CF212A10045804C /* Package.cpp */ = {isa = PBXFileReference; fileEncoding = 4; lastKnownFileType = sourcecode.cpp.cpp; path = Package.cpp; sourceTree = "<group>"; };
		DC832FF11CF212A10045804C /* Package.hpp */ = {isa = PBXFileReference; fileEncoding = 4; lastKnownFileType = sourcecode.cpp.h; path = Package.hpp; sourceTree = "<group>"; };
		DC832FF31CF212F00045804C /* xxtea.cpp */ = {isa = PBXFileReference; fileEncoding = 4; lastKnownFileType = sourcecode.cpp.cpp; path = xxtea.cpp; sourceTree = "<group>"; };
		DC832FF41CF212F00045804C /* xxtea.h */ = {isa = PBXFileReference; fileEncoding = 4; lastKnownFileType = sourcecode.c.h; path = xxtea.h; sourceTree = "<group>"; };
/* End PBXFileReference section */

/* Begin PBXFrameworksBuildPhase section */
		DC832FE31CF212390045804C /* Frameworks */ = {
			isa = PBXFrameworksBuildPhase;
			buildActionMask = 2147483647;
			files = (
			);
			runOnlyForDeploymentPostprocessing = 0;
		};
/* End PBXFrameworksBuildPhase section */

/* Begin PBXGroup section */
		DC832FDD1CF212390045804C = {
			isa = PBXGroup;
			children = (
				DC832FE81CF212390045804C /* xxteaRes */,
				DC832FE71CF212390045804C /* Products */,
			);
			sourceTree = "<group>";
		};
		DC832FE71CF212390045804C /* Products */ = {
			isa = PBXGroup;
			children = (
				DC832FE61CF212390045804C /* xxteaRes */,
			);
			name = Products;
			sourceTree = "<group>";
		};
		DC832FE81CF212390045804C /* xxteaRes */ = {
			isa = PBXGroup;
			children = (
				DC832FF01CF212A10045804C /* Package.cpp */,
				DC832FF11CF212A10045804C /* Package.hpp */,
				DC832FF31CF212F00045804C /* xxtea.cpp */,
				DC832FF41CF212F00045804C /* xxtea.h */,
				DC832FE91CF212390045804C /* main.cpp */,
			);
			path = xxteaRes;
			sourceTree = "<group>";
		};
/* End PBXGroup section */

/* Begin PBXNativeTarget section */
		DC832FE51CF212390045804C /* xxteaRes */ = {
			isa = PBXNativeTarget;
			buildConfigurationList = DC832FED1CF212390045804C /* Build configuration list for PBXNativeTarget "xxteaRes" */;
			buildPhases = (
				DC832FE21CF212390045804C /* Sources */,
				DC832FE31CF212390045804C /* Frameworks */,
				DC832FE41CF212390045804C /* CopyFiles */,
			);
			buildRules = (
			);
			dependencies = (
			);
			name = xxteaRes;
			productName = xxteaRes;
			productReference = DC832FE61CF212390045804C /* xxteaRes */;
			productType = "com.apple.product-type.tool";
		};
/* End PBXNativeTarget section */

/* Begin PBXProject section */
		DC832FDE1CF212390045804C /* Project object */ = {
			isa = PBXProject;
			attributes = {
				LastUpgradeCheck = 0730;
				ORGANIZATIONNAME = yexiao;
				TargetAttributes = {
					DC832FE51CF212390045804C = {
						CreatedOnToolsVersion = 7.3.1;
					};
				};
			};
			buildConfigurationList = DC832FE11CF212390045804C /* Build configuration list for PBXProject "xxteaRes" */;
			compatibilityVersion = "Xcode 3.2";
			developmentRegion = English;
			hasScannedForEncodings = 0;
			knownRegions = (
				en,
			);
			mainGroup = DC832FDD1CF212390045804C;
			productRefGroup = DC832FE71CF212390045804C /* Products */;
			projectDirPath = "";
			projectRoot = "";
			targets = (
				DC832FE51CF212390045804C /* xxteaRes */,
			);
		};
/* End PBXProject section */

/* Begin PBXSourcesBuildPhase section */
		DC832FE21CF212390045804C /* Sources */ = {
			isa = PBXSourcesBuildPhase;
			buildActionMask = 2147483647;
			files = (
				DC832FF21CF212A10045804C /* Package.cpp in Sources */,
				DC832FEA1CF212390045804C /* main.cpp in Sources */,
				DC832FF51CF212F00045804C /* xxtea.cpp in Sources */,
			);
			runOnlyForDeploymentPostprocessing = 0;
		};
/* End PBXSourcesBuildPhase section */

/* Begin XCBuildConfiguration section */
		DC832FEB1CF212390045804C /* Debug */ = {
			isa = XCBuildConfiguration;
			buildSettings = {
				ALWAYS_SEARCH_USER_PATHS = NO;
				CLANG_ANALYZER_NONNULL = YES;
				CLANG_CXX_LANGUAGE_STANDARD = "gnu++0x";
				CLANG_CXX_LIBRARY = "libc++";
				CLANG_ENABLE_MODULES = YES;
				CLANG_ENABLE_OBJC_ARC = YES;
				CLANG_WARN_BOOL_CONVERSION = YES;
				CLANG_WARN_CONSTANT_CONVERSION = YES;
				CLANG_WARN_DIRECT_OBJC_ISA_USAGE = YES_ERROR;
				CLANG_WARN_EMPTY_BODY = YES;
				CLANG_WARN_ENUM_CONVERSION = YES;
				CLANG_WARN_INT_CONVERSION = YES;
				CLANG_WARN_OBJC_ROOT_CLASS = YES_ERROR;
				CLANG_WARN_UNREACHABLE_CODE = YES;
				CLANG_WARN__DUPLICATE_METHOD_MATCH = YES;
				CODE_SIGN_IDENTITY = "-";
				COPY_PHASE_STRIP = NO;
				DEBUG_INFORMATION_FORMAT = dwarf;
				ENABLE_STRICT_OBJC_MSGSEND = YES;
				ENABLE_TESTABILITY = YES;
				GCC_C_LANGUAGE_STANDARD = gnu99;
				GCC_DYNAMIC_NO_PIC = NO;
				GCC_NO_COMMON_BLOCKS = YES;
				GCC_OPTIMIZATION_LEVEL = 0;
				GCC_PREPROCESSOR_DEFINITIONS = (
					"DEBUG=1",
					"$(inherited)",
				);
				GCC_WARN_64_TO_32_BIT_CONVERSION = YES;
				GCC_WARN_ABOUT_RETURN_TYPE = YES_ERROR;
				GCC_WARN_UNDECLARED_SELECTOR = YES;
				GCC_WARN_UNINITIALIZED_AUTOS = YES_AGGRESSIVE;
				GCC_WARN_UNUSED_FUNCTION = YES;
				GCC_WARN_UNUSED_VARIABLE = YES;
				MACOSX_DEPLOYMENT_TARGET = 10.11;
				MTL_ENABLE_DEBUG_INFO = YES;
				ONLY_ACTIVE_ARCH = YES;
				SDKROOT = macosx;
			};
			name = Debug;
		};
		DC832FEC1CF212390045804C /* Release */ = {
			isa = XCBuildConfiguration;
			buildSettings = {
				ALWAYS_SEARCH_USER_PATHS = NO;
				CLANG_ANALYZER_NONNULL = YES;
				CLANG_CXX_LANGUAGE_STANDARD = "gnu++0x";
				CLANG_CXX_LIBRARY = "libc++";
				CLANG_ENABLE_MODULES = YES;
				CLANG_ENABLE_OBJC_ARC = YES;
				CLANG_WARN_BOOL_CONVERSION = YES;
				CLANG_WARN_CONSTANT_CONVERSION = YES;
				CLANG_WARN_DIRECT_OBJC_ISA_USAGE = YES_ERROR;
				CLANG_WARN_EMPTY_BODY = YES;
				CLANG_WARN_ENUM_CONVERSION = YES;
				CLANG_WARN_INT_CONVERSION = YES;
				CLANG_WARN_OBJC_ROOT_CLASS = YES_ERROR;
				CLANG_WARN_UNREACHABLE_CODE = YES;
				CLANG_WARN__DUPLICATE_METHOD_MATCH = YES;
				CODE_SIGN_IDENTITY = "-";
				COPY_PHASE_STRIP = NO;
				DEBUG_INFORMATION_FORMAT = "dwarf-with-dsym";
				ENABLE_NS_ASSERTIONS = NO;
				ENABLE_STRICT_OBJC_MSGSEND = YES;
				GCC_C_LANGUAGE_STANDARD = gnu99;
				GCC_NO_COMMON_BLOCKS = YES;
				GCC_WARN_64_TO_32_BIT_CONVERSION = YES;
				GCC_WARN_ABOUT_RETURN_TYPE = YES_ERROR;
				GCC_WARN_UNDECLARED_SELECTOR = YES;
				GCC_WARN_UNINITIALIZED_AUTOS = YES_AGGRESSIVE;
				GCC_WARN_UNUSED_FUNCTION = YES;
				GCC_WARN_UNUSED_VARIABLE = YES;
				MACOSX_DEPLOYMENT_TARGET = 10.11;
				MTL_ENABLE_DEBUG_INFO = NO;
				SDKROOT = macosx;
			};
			name = Release;
		};
		DC832FEE1CF212390045804C /* Debug */ = {
			isa = XCBuildConfiguration;
			buildSettings = {
				PRODUCT_NAME = "$(TARGET_NAME)";
			};
			name = Debug;
		};
		DC832FEF1CF212390045804C /* Release */ = {
			isa = XCBuildConfiguration;
			buildSettings = {
				PRODUCT_NAME = "$(TARGET_NAME)";
			};
			name = Release;
		};
/* End XCBuildConfiguration section */

/* Begin XCConfigurationList section */
		DC832FE11CF212390045804C /* Build configuration list for PBXProject "xxteaRes" */ = {
			isa = XCConfigurationList;
			buildConfigurations = (
				DC832FEB1CF212390045804C /* Debug */,
				DC832FEC1CF212390045804C /* Release */,
			);
			defaultConfigurationIsVisible = 0;
			defaultConfigurationName = Release;
		};
		DC832FED1CF212390045804C /* Build configuration list for PBXNativeTarget "xxteaRes" */ = {
			isa = XCConfigurationList;
			buildConfigurations = (
				DC832FEE1CF212390045804C /* Debug */,
				DC832FEF1CF212390045804C /* Release */,
			);
			defaultConfigurationIsVisible = 0;
		};
/* End XCConfigurationList section */
	};
	rootObject = DC832FDE1CF212390045804C /* Project object */;
}
